// !$*UTF8*$!
{
	archiveVersion = 1;
	classes = {
	};
	objectVersion = 46;
	objects = {

/* Begin PBXBuildFile section */
		849FE2C21DE809A40064BC58 /* ScanCodeViewController.swift in Sources */ = {isa = PBXBuildFile; fileRef = 849FE2BE1DE809A40064BC58 /* ScanCodeViewController.swift */; };
		849FE2C31DE809A40064BC58 /* ScanCodeViewController.xib in Resources */ = {isa = PBXBuildFile; fileRef = 849FE2BF1DE809A40064BC58 /* ScanCodeViewController.xib */; };
		849FE2C61DE80E7C0064BC58 /* AVFoundation.framework in Frameworks */ = {isa = PBXBuildFile; fileRef = 849FE2C51DE80E7C0064BC58 /* AVFoundation.framework */; };
		849FE2C91DE8304D0064BC58 /* Tool.swift in Sources */ = {isa = PBXBuildFile; fileRef = 849FE2C81DE8304D0064BC58 /* Tool.swift */; };
		84B1C5711DE7D61B0063A8D0 /* AppDelegate.swift in Sources */ = {isa = PBXBuildFile; fileRef = 84B1C5701DE7D61B0063A8D0 /* AppDelegate.swift */; };
		84B1C5731DE7D61B0063A8D0 /* ViewController.swift in Sources */ = {isa = PBXBuildFile; fileRef = 84B1C5721DE7D61B0063A8D0 /* ViewController.swift */; };
		84B1C5761DE7D61B0063A8D0 /* Main.storyboard in Resources */ = {isa = PBXBuildFile; fileRef = 84B1C5741DE7D61B0063A8D0 /* Main.storyboard */; };
		84B1C5781DE7D61B0063A8D0 /* Assets.xcassets in Resources */ = {isa = PBXBuildFile; fileRef = 84B1C5771DE7D61B0063A8D0 /* Assets.xcassets */; };
		84B1C57B1DE7D61B0063A8D0 /* LaunchScreen.storyboard in Resources */ = {isa = PBXBuildFile; fileRef = 84B1C5791DE7D61B0063A8D0 /* LaunchScreen.storyboard */; };
/* End PBXBuildFile section */

/* Begin PBXFileReference section */
		849FE2BE1DE809A40064BC58 /* ScanCodeViewController.swift */ = {isa = PBXFileReference; fileEncoding = 4; lastKnownFileType = sourcecode.swift; path = ScanCodeViewController.swift; sourceTree = "<group>"; };
		849FE2BF1DE809A40064BC58 /* ScanCodeViewController.xib */ = {isa = PBXFileReference; fileEncoding = 4; lastKnownFileType = file.xib; path = ScanCodeViewController.xib; sourceTree = "<group>"; };
		849FE2C51DE80E7C0064BC58 /* AVFoundation.framework */ = {isa = PBXFileReference; lastKnownFileType = wrapper.framework; name = AVFoundation.framework; path = System/Library/Frameworks/AVFoundation.framework; sourceTree = SDKROOT; };
		849FE2C81DE8304D0064BC58 /* Tool.swift */ = {isa = PBXFileReference; fileEncoding = 4; lastKnownFileType = sourcecode.swift; path = Tool.swift; sourceTree = "<group>"; };
		84B1C56D1DE7D61B0063A8D0 /* ScanQRCode.app */ = {isa = PBXFileReference; explicitFileType = wrapper.application; includeInIndex = 0; path = ScanQRCode.app; sourceTree = BUILT_PRODUCTS_DIR; };
		84B1C5701DE7D61B0063A8D0 /* AppDelegate.swift */ = {isa = PBXFileReference; lastKnownFileType = sourcecode.swift; path = AppDelegate.swift; sourceTree = "<group>"; };
		84B1C5721DE7D61B0063A8D0 /* ViewController.swift */ = {isa = PBXFileReference; lastKnownFileType = sourcecode.swift; path = ViewController.swift; sourceTree = "<group>"; };
		84B1C5751DE7D61B0063A8D0 /* Base */ = {isa = PBXFileReference; lastKnownFileType = file.storyboard; name = Base; path = Base.lproj/Main.storyboard; sourceTree = "<group>"; };
		84B1C5771DE7D61B0063A8D0 /* Assets.xcassets */ = {isa = PBXFileReference; lastKnownFileType = folder.assetcatalog; path = Assets.xcassets; sourceTree = "<group>"; };
		84B1C57A1DE7D61B0063A8D0 /* Base */ = {isa = PBXFileReference; lastKnownFileType = file.storyboard; name = Base; path = Base.lproj/LaunchScreen.storyboard; sourceTree = "<group>"; };
		84B1C57C1DE7D61B0063A8D0 /* Info.plist */ = {isa = PBXFileReference; lastKnownFileType = text.plist.xml; path = Info.plist; sourceTree = "<group>"; };
/* End PBXFileReference section */

/* Begin PBXFrameworksBuildPhase section */
		84B1C56A1DE7D61B0063A8D0 /* Frameworks */ = {
			isa = PBXFrameworksBuildPhase;
			buildActionMask = 2147483647;
			files = (
				849FE2C61DE80E7C0064BC58 /* AVFoundation.framework in Frameworks */,
			);
			runOnlyForDeploymentPostprocessing = 0;
		};
/* End PBXFrameworksBuildPhase section */

/* Begin PBXGroup section */
		849FE2BC1DE809A40064BC58 /* Scan */ = {
			isa = PBXGroup;
			children = (
				849FE2BD1DE809A40064BC58 /* Controller */,
				849FE2C01DE809A40064BC58 /* Model */,
				849FE2C11DE809A40064BC58 /* View */,
			);
			path = Scan;
			sourceTree = "<group>";
		};
		849FE2BD1DE809A40064BC58 /* Controller */ = {
			isa = PBXGroup;
			children = (
				849FE2BE1DE809A40064BC58 /* ScanCodeViewController.swift */,
				849FE2BF1DE809A40064BC58 /* ScanCodeViewController.xib */,
			);
			path = Controller;
			sourceTree = "<group>";
		};
		849FE2C01DE809A40064BC58 /* Model */ = {
			isa = PBXGroup;
			children = (
			);
			path = Model;
			sourceTree = "<group>";
		};
		849FE2C11DE809A40064BC58 /* View */ = {
			isa = PBXGroup;
			children = (
			);
			path = View;
			sourceTree = "<group>";
		};
		849FE2C41DE80E7C0064BC58 /* Frameworks */ = {
			isa = PBXGroup;
			children = (
				849FE2C51DE80E7C0064BC58 /* AVFoundation.framework */,
			);
			name = Frameworks;
			sourceTree = "<group>";
		};
		849FE2C71DE830390064BC58 /* Tool */ = {
			isa = PBXGroup;
			children = (
				849FE2C81DE8304D0064BC58 /* Tool.swift */,
			);
			path = Tool;
			sourceTree = "<group>";
		};
		84B1C5641DE7D61B0063A8D0 = {
			isa = PBXGroup;
			children = (
				84B1C56F1DE7D61B0063A8D0 /* ScanQRCode */,
				84B1C56E1DE7D61B0063A8D0 /* Products */,
				849FE2C41DE80E7C0064BC58 /* Frameworks */,
			);
			sourceTree = "<group>";
		};
		84B1C56E1DE7D61B0063A8D0 /* Products */ = {
			isa = PBXGroup;
			children = (
				84B1C56D1DE7D61B0063A8D0 /* ScanQRCode.app */,
			);
			name = Products;
			sourceTree = "<group>";
		};
		84B1C56F1DE7D61B0063A8D0 /* ScanQRCode */ = {
			isa = PBXGroup;
			children = (
				849FE2C71DE830390064BC58 /* Tool */,
				849FE2BC1DE809A40064BC58 /* Scan */,
				84B1C5701DE7D61B0063A8D0 /* AppDelegate.swift */,
				84B1C5721DE7D61B0063A8D0 /* ViewController.swift */,
				84B1C5741DE7D61B0063A8D0 /* Main.storyboard */,
				84B1C5771DE7D61B0063A8D0 /* Assets.xcassets */,
				84B1C5791DE7D61B0063A8D0 /* LaunchScreen.storyboard */,
				84B1C57C1DE7D61B0063A8D0 /* Info.plist */,
			);
			path = ScanQRCode;
			sourceTree = "<group>";
		};
/* End PBXGroup section */

/* Begin PBXNativeTarget section */
		84B1C56C1DE7D61B0063A8D0 /* ScanQRCode */ = {
			isa = PBXNativeTarget;
			buildConfigurationList = 84B1C57F1DE7D61B0063A8D0 /* Build configuration list for PBXNativeTarget "ScanQRCode" */;
			buildPhases = (
				84B1C5691DE7D61B0063A8D0 /* Sources */,
				84B1C56A1DE7D61B0063A8D0 /* Frameworks */,
				84B1C56B1DE7D61B0063A8D0 /* Resources */,
			);
			buildRules = (
			);
			dependencies = (
			);
			name = ScanQRCode;
			productName = ScanQRCode;
			productReference = 84B1C56D1DE7D61B0063A8D0 /* ScanQRCode.app */;
			productType = "com.apple.product-type.application";
		};
/* End PBXNativeTarget section */

/* Begin PBXProject section */
		84B1C5651DE7D61B0063A8D0 /* Project object */ = {
			isa = PBXProject;
			attributes = {
				LastSwiftUpdateCheck = 0810;
				LastUpgradeCheck = 0810;
				ORGANIZATIONNAME = admin;
				TargetAttributes = {
					84B1C56C1DE7D61B0063A8D0 = {
						CreatedOnToolsVersion = 8.1;
						DevelopmentTeam = QDC3KV7D2U;
						ProvisioningStyle = Automatic;
					};
				};
			};
			buildConfigurationList = 84B1C5681DE7D61B0063A8D0 /* Build configuration list for PBXProject "ScanQRCode" */;
			compatibilityVersion = "Xcode 3.2";
			developmentRegion = English;
			hasScannedForEncodings = 0;
			knownRegions = (
				en,
				Base,
			);
			mainGroup = 84B1C5641DE7D61B0063A8D0;
			productRefGroup = 84B1C56E1DE7D61B0063A8D0 /* Products */;
			projectDirPath = "";
			projectRoot = "";
			targets = (
				84B1C56C1DE7D61B0063A8D0 /* ScanQRCode */,
			);
		};
/* End PBXProject section */

/* Begin PBXResourcesBuildPhase section */
		84B1C56B1DE7D61B0063A8D0 /* Resources */ = {
			isa = PBXResourcesBuildPhase;
			buildActionMask = 2147483647;
			files = (
				84B1C57B1DE7D61B0063A8D0 /* LaunchScreen.storyboard in Resources */,
				84B1C5781DE7D61B0063A8D0 /* Assets.xcassets in Resources */,
				849FE2C31DE809A40064BC58 /* ScanCodeViewController.xib in Resources */,
				84B1C5761DE7D61B0063A8D0 /* Main.storyboard in Resources */,
			);
			runOnlyForDeploymentPostprocessing = 0;
		};
/* End PBXResourcesBuildPhase section */

/* Begin PBXSourcesBuildPhase section */
		84B1C5691DE7D61B0063A8D0 /* Sources */ = {
			isa = PBXSourcesBuildPhase;
			buildActionMask = 2147483647;
			files = (
				84B1C5731DE7D61B0063A8D0 /* ViewController.swift in Sources */,
				849FE2C21DE809A40064BC58 /* ScanCodeViewController.swift in Sources */,
				84B1C5711DE7D61B0063A8D0 /* AppDelegate.swift in Sources */,
				849FE2C91DE8304D0064BC58 /* Tool.swift in Sources */,
			);
			runOnlyForDeploymentPostprocessing = 0;
		};
/* End PBXSourcesBuildPhase section */

/* Begin PBXVariantGroup section */
		84B1C5741DE7D61B0063A8D0 /* Main.storyboard */ = {
			isa = PBXVariantGroup;
			children = (
				84B1C5751DE7D61B0063A8D0 /* Base */,
			);
			name = Main.storyboard;
			sourceTree = "<group>";
		};
		84B1C5791DE7D61B0063A8D0 /* LaunchScreen.storyboard */ = {
			isa = PBXVariantGroup;
			children = (
				84B1C57A1DE7D61B0063A8D0 /* Base */,
			);
			name = LaunchScreen.storyboard;
			sourceTree = "<group>";
		};
/* End PBXVariantGroup section */

/* Begin XCBuildConfiguration section */
		84B1C57D1DE7D61B0063A8D0 /* Debug */ = {
			isa = XCBuildConfiguration;
			buildSettings = {
				ALWAYS_SEARCH_USER_PATHS = NO;
				CLANG_ANALYZER_NONNULL = YES;
				CLANG_CXX_LANGUAGE_STANDARD = "gnu++0x";
				CLANG_CXX_LIBRARY = "libc++";
				CLANG_ENABLE_MODULES = YES;
				CLANG_ENABLE_OBJC_ARC = YES;
				CLANG_WARN_BOOL_CONVERSION = YES;
				CLANG_WARN_CONSTANT_CONVERSION = YES;
				CLANG_WARN_DIRECT_OBJC_ISA_USAGE = YES_ERROR;
				CLANG_WARN_DOCUMENTATION_COMMENTS = YES;
				CLANG_WARN_EMPTY_BODY = YES;
				CLANG_WARN_ENUM_CONVERSION = YES;
				CLANG_WARN_INFINITE_RECURSION = YES;
				CLANG_WARN_INT_CONVERSION = YES;
				CLANG_WARN_OBJC_ROOT_CLASS = YES_ERROR;
				CLANG_WARN_SUSPICIOUS_MOVES = YES;
				CLANG_WARN_UNREACHABLE_CODE = YES;
				CLANG_WARN__DUPLICATE_METHOD_MATCH = YES;
				"CODE_SIGN_IDENTITY[sdk=iphoneos*]" = "iPhone Developer";
				COPY_PHASE_STRIP = NO;
				DEBUG_INFORMATION_FORMAT = dwarf;
				ENABLE_STRICT_OBJC_MSGSEND = YES;
				ENABLE_TESTABILITY = YES;
				GCC_C_LANGUAGE_STANDARD = gnu99;
				GCC_DYNAMIC_NO_PIC = NO;
				GCC_NO_COMMON_BLOCKS = YES;
				GCC_OPTIMIZATION_LEVEL = 0;
				GCC_PREPROCESSOR_DEFINITIONS = (
					"DEBUG=1",
					"$(inherited)",
				);
				GCC_WARN_64_TO_32_BIT_CONVERSION = YES;
				GCC_WARN_ABOUT_RETURN_TYPE = YES_ERROR;
				GCC_WARN_UNDECLARED_SELECTOR = YES;
				GCC_WARN_UNINITIALIZED_AUTOS = YES_AGGRESSIVE;
				GCC_WARN_UNUSED_FUNCTION = YES;
				GCC_WARN_UNUSED_VARIABLE = YES;
				IPHONEOS_DEPLOYMENT_TARGET = 10.1;
				MTL_ENABLE_DEBUG_INFO = YES;
				ONLY_ACTIVE_ARCH = YES;
				SDKROOT = iphoneos;
				SWIFT_ACTIVE_COMPILATION_CONDITIONS = DEBUG;
				SWIFT_OPTIMIZATION_LEVEL = "-Onone";
				TARGETED_DEVICE_FAMILY = "1,2";
			};
			name = Debug;
		};
		84B1C57E1DE7D61B0063A8D0 /* Release */ = {
			isa = XCBuildConfiguration;
			buildSettings = {
				ALWAYS_SEARCH_USER_PATHS = NO;
				CLANG_ANALYZER_NONNULL = YES;
				CLANG_CXX_LANGUAGE_STANDARD = "gnu++0x";
				CLANG_CXX_LIBRARY = "libc++";
				CLANG_ENABLE_MODULES = YES;
				CLANG_ENABLE_OBJC_ARC = YES;
				CLANG_WARN_BOOL_CONVERSION = YES;
				CLANG_WARN_CONSTANT_CONVERSION = YES;
				CLANG_WARN_DIRECT_OBJC_ISA_USAGE = YES_ERROR;
				CLANG_WARN_DOCUMENTATION_COMMENTS = YES;
				CLANG_WARN_EMPTY_BODY = YES;
				CLANG_WARN_ENUM_CONVERSION = YES;
				CLANG_WARN_INFINITE_RECURSION = YES;
				CLANG_WARN_INT_CONVERSION = YES;
				CLANG_WARN_OBJC_ROOT_CLASS = YES_ERROR;
				CLANG_WARN_SUSPICIOUS_MOVES = YES;
				CLANG_WARN_UNREACHABLE_CODE = YES;
				CLANG_WARN__DUPLICATE_METHOD_MATCH = YES;
				"CODE_SIGN_IDENTITY[sdk=iphoneos*]" = "iPhone Developer";
				COPY_PHASE_STRIP = NO;
				DEBUG_INFORMATION_FORMAT = "dwarf-with-dsym";
				ENABLE_NS_ASSERTIONS = NO;
				ENABLE_STRICT_OBJC_MSGSEND = YES;
				GCC_C_LANGUAGE_STANDARD = gnu99;
				GCC_NO_COMMON_BLOCKS = YES;
				GCC_WARN_64_TO_32_BIT_CONVERSION = YES;
				GCC_WARN_ABOUT_RETURN_TYPE = YES_ERROR;
				GCC_WARN_UNDECLARED_SELECTOR = YES;
				GCC_WARN_UNINITIALIZED_AUTOS = YES_AGGRESSIVE;
				GCC_WARN_UNUSED_FUNCTION = YES;
				GCC_WARN_UNUSED_VARIABLE = YES;
				IPHONEOS_DEPLOYMENT_TARGET = 10.1;
				MTL_ENABLE_DEBUG_INFO = NO;
				SDKROOT = iphoneos;
				SWIFT_OPTIMIZATION_LEVEL = "-Owholemodule";
				TARGETED_DEVICE_FAMILY = "1,2";
				VALIDATE_PRODUCT = YES;
			};
			name = Release;
		};
		84B1C5801DE7D61B0063A8D0 /* Debug */ = {
			isa = XCBuildConfiguration;
			buildSettings = {
				ASSETCATALOG_COMPILER_APPICON_NAME = AppIcon;
				"CODE_SIGN_IDENTITY[sdk=iphoneos*]" = "iPhone Developer";
				DEVELOPMENT_TEAM = QDC3KV7D2U;
				INFOPLIST_FILE = ScanQRCode/Info.plist;
				IPHONEOS_DEPLOYMENT_TARGET = 8.0;
				LD_RUNPATH_SEARCH_PATHS = "$(inherited) @executable_path/Frameworks";
				PRODUCT_BUNDLE_IDENTIFIER = cn.antrice.ScanQRCode;
				PRODUCT_NAME = "$(TARGET_NAME)";
				SWIFT_VERSION = 3.0;
			};
			name = Debug;
		};
		84B1C5811DE7D61B0063A8D0 /* Release */ = {
			isa = XCBuildConfiguration;
			buildSettings = {
				ASSETCATALOG_COMPILER_APPICON_NAME = AppIcon;
				"CODE_SIGN_IDENTITY[sdk=iphoneos*]" = "iPhone Developer";
				DEVELOPMENT_TEAM = QDC3KV7D2U;
				INFOPLIST_FILE = ScanQRCode/Info.plist;
				IPHONEOS_DEPLOYMENT_TARGET = 8.0;
				LD_RUNPATH_SEARCH_PATHS = "$(inherited) @executable_path/Frameworks";
				PRODUCT_BUNDLE_IDENTIFIER = cn.antrice.ScanQRCode;
				PRODUCT_NAME = "$(TARGET_NAME)";
				SWIFT_VERSION = 3.0;
			};
			name = Release;
		};
/* End XCBuildConfiguration section */

/* Begin XCConfigurationList section */
		84B1C5681DE7D61B0063A8D0 /* Build configuration list for PBXProject "ScanQRCode" */ = {
			isa = XCConfigurationList;
			buildConfigurations = (
				84B1C57D1DE7D61B0063A8D0 /* Debug */,
				84B1C57E1DE7D61B0063A8D0 /* Release */,
			);
			defaultConfigurationIsVisible = 0;
			defaultConfigurationName = Release;
		};
		84B1C57F1DE7D61B0063A8D0 /* Build configuration list for PBXNativeTarget "ScanQRCode" */ = {
			isa = XCConfigurationList;
			buildConfigurations = (
				84B1C5801DE7D61B0063A8D0 /* Debug */,
				84B1C5811DE7D61B0063A8D0 /* Release */,
			);
			defaultConfigurationIsVisible = 0;
			defaultConfigurationName = Release;
		};
/* End XCConfigurationList section */
	};
	rootObject = 84B1C5651DE7D61B0063A8D0 /* Project object */;
}
